
Microsoft Visual Studio Solution File, Format Version 12.00
# Visual Studio Version 16
VisualStudioVersion = 16.0.29201.188
MinimumVisualStudioVersion = 10.0.40219.1
Project("{FAE04EC0-301F-11D3-BF4B-00C04F79EFBC}") = "MVVM-Exercise-Slider", "MVVM-Exercise-Slider.csproj", "{E00F1B40-85F0-41F7-93B9-470553C18074}"
EndProject
Global
	GlobalSection(SolutionConfigurationPlatforms) = preSolution
		Debug|Any CPU = Debug|Any CPU
		Release|Any CPU = Release|Any CPU
	EndGlobalSection
	GlobalSection(ProjectConfigurationPlatforms) = postSolution
		{E00F1B40-85F0-41F7-93B9-470553C18074}.Debug|Any CPU.ActiveCfg = Debug|Any CPU
		{E00F1B40-85F0-41F7-93B9-470553C18074}.Debug|Any CPU.Build.0 = Debug|Any CPU
		{E00F1B40-85F0-41F7-93B9-470553C18074}.Release|Any CPU.ActiveCfg = Release|Any CPU
		{E00F1B40-85F0-41F7-93B9-470553C18074}.Release|Any CPU.Build.0 = Release|Any CPU
	EndGlobalSection
	GlobalSection(SolutionProperties) = preSolution
		HideSolutionNode = FALSE
	EndGlobalSection
	GlobalSection(ExtensibilityGlobals) = postSolution
		SolutionGuid = {83AF64DD-6DA3-45C1-A626-CC38B9F03C2F}
	EndGlobalSection
EndGlobal
